
Microsoft Visual Studio Solution File, Format Version 12.00
# Visual Studio Version 17
VisualStudioVersion = 17.8.34316.72
MinimumVisualStudioVersion = 10.0.40219.1
Project("{9A19103F-16F7-4668-BE54-9A1E7A4F7556}") = "RdtClient.Web", "RdtClient.Web\RdtClient.Web.csproj", "{A8C7F095-89C6-4CD1-AFB2-27106F470D62}"
EndProject
Project("{9A19103F-16F7-4668-BE54-9A1E7A4F7556}") = "RdtClient.Service", "RdtClient.Service\RdtClient.Service.csproj", "{06D27710-AE9A-4FA2-B043-1A4303561716}"
EndProject
Project("{9A19103F-16F7-4668-BE54-9A1E7A4F7556}") = "RdtClient.Data", "RdtClient.Data\RdtClient.Data.csproj", "{92EF8817-AD73-4301-93BD-745D7D61DD74}"
EndProject
Project("{FAE04EC0-301F-11D3-BF4B-00C04F79EFBC}") = "RdtClient.Service.Test", "RdtClient.Service.Test\RdtClient.Service.Test.csproj", "{4F8F6313-5113-4E03-9DAB-195B0DF6C2B9}"
EndProject
Global
	GlobalSection(SolutionConfigurationPlatforms) = preSolution
		Debug|Any CPU = Debug|Any CPU
		Release|Any CPU = Release|Any CPU
	EndGlobalSection
	GlobalSection(ProjectConfigurationPlatforms) = postSolution
		{A8C7F095-89C6-4CD1-AFB2-27106F470D62}.Debug|Any CPU.ActiveCfg = Debug|Any CPU
		{A8C7F095-89C6-4CD1-AFB2-27106F470D62}.Debug|Any CPU.Build.0 = Debug|Any CPU
		{A8C7F095-89C6-4CD1-AFB2-27106F470D62}.Release|Any CPU.ActiveCfg = Release|Any CPU
		{A8C7F095-89C6-4CD1-AFB2-27106F470D62}.Release|Any CPU.Build.0 = Release|Any CPU
		{06D27710-AE9A-4FA2-B043-1A4303561716}.Debug|Any CPU.ActiveCfg = Debug|Any CPU
		{06D27710-AE9A-4FA2-B043-1A4303561716}.Debug|Any CPU.Build.0 = Debug|Any CPU
		{06D27710-AE9A-4FA2-B043-1A4303561716}.Release|Any CPU.ActiveCfg = Release|Any CPU
		{06D27710-AE9A-4FA2-B043-1A4303561716}.Release|Any CPU.Build.0 = Release|Any CPU
		{92EF8817-AD73-4301-93BD-745D7D61DD74}.Debug|Any CPU.ActiveCfg = Debug|Any CPU
		{92EF8817-AD73-4301-93BD-745D7D61DD74}.Debug|Any CPU.Build.0 = Debug|Any CPU
		{92EF8817-AD73-4301-93BD-745D7D61DD74}.Release|Any CPU.ActiveCfg = Release|Any CPU
		{92EF8817-AD73-4301-93BD-745D7D61DD74}.Release|Any CPU.Build.0 = Release|Any CPU
		{4F8F6313-5113-4E03-9DAB-195B0DF6C2B9}.Debug|Any CPU.ActiveCfg = Debug|Any CPU
		{4F8F6313-5113-4E03-9DAB-195B0DF6C2B9}.Debug|Any CPU.Build.0 = Debug|Any CPU
		{4F8F6313-5113-4E03-9DAB-195B0DF6C2B9}.Release|Any CPU.ActiveCfg = Release|Any CPU
		{4F8F6313-5113-4E03-9DAB-195B0DF6C2B9}.Release|Any CPU.Build.0 = Release|Any CPU
	EndGlobalSection
	GlobalSection(SolutionProperties) = preSolution
		HideSolutionNode = FALSE
	EndGlobalSection
	GlobalSection(ExtensibilityGlobals) = postSolution
		SolutionGuid = {AE596BCC-4D94-46EF-8806-FC3B394173A1}
	EndGlobalSection
EndGlobal
